
Microsoft Visual Studio Solution File, Format Version 12.00
# Visual Studio Version 16
VisualStudioVersion = 16.0.31702.278
MinimumVisualStudioVersion = 10.0.40219.1
Project("{9A19103F-16F7-4668-BE54-9A1E7A4F7556}") = "lab3_2", "lab3\lab3_2.csproj", "{13A0DDAB-D268-451C-842D-B42B78C784CC}"
EndProject
Global
	GlobalSection(SolutionConfigurationPlatforms) = preSolution
		Debug|Any CPU = Debug|Any CPU
		Release|Any CPU = Release|Any CPU
	EndGlobalSection
	GlobalSection(ProjectConfigurationPlatforms) = postSolution
		{13A0DDAB-D268-451C-842D-B42B78C784CC}.Debug|Any CPU.ActiveCfg = Debug|Any CPU
		{13A0DDAB-D268-451C-842D-B42B78C784CC}.Debug|Any CPU.Build.0 = Debug|Any CPU
		{13A0DDAB-D268-451C-842D-B42B78C784CC}.Release|Any CPU.ActiveCfg = Release|Any CPU
		{13A0DDAB-D268-451C-842D-B42B78C784CC}.Release|Any CPU.Build.0 = Release|Any CPU
	EndGlobalSection
	GlobalSection(SolutionProperties) = preSolution
		HideSolutionNode = FALSE
	EndGlobalSection
	GlobalSection(ExtensibilityGlobals) = postSolution
		SolutionGuid = {17C7827C-2EC9-4F19-957D-6EA57D682048}
	EndGlobalSection
EndGlobal
